
Microsoft Visual Studio Solution File, Format Version 12.00
# Visual Studio Version 17
VisualStudioVersion = 17.11.35222.181
MinimumVisualStudioVersion = 10.0.40219.1
Project("{FAE04EC0-301F-11D3-BF4B-00C04F79EFBC}") = "DataAccessObject", "DataAccessObject\DataAccessObject.csproj", "{6CA32382-1FF4-4B8B-82ED-186CCCFE9C85}"
EndProject
Project("{FAE04EC0-301F-11D3-BF4B-00C04F79EFBC}") = "DataAccessObject.SQLite", "DataAccessObject.SQLite\DataAccessObject.SQLite.csproj", "{1D4B27AF-8E58-4E62-B960-A822585CCD6D}"
EndProject
Project("{FAE04EC0-301F-11D3-BF4B-00C04F79EFBC}") = "DataAccessObject.PostgreSQL", "DataAccessObject.PostgreSQL\DataAccessObject.PostgreSQL.csproj", "{68C0A5CE-76FD-442B-915E-C2B3D82D48C4}"
EndProject
Global
	GlobalSection(SolutionConfigurationPlatforms) = preSolution
		Debug|Any CPU = Debug|Any CPU
		Release|Any CPU = Release|Any CPU
	EndGlobalSection
	GlobalSection(ProjectConfigurationPlatforms) = postSolution
		{6CA32382-1FF4-4B8B-82ED-186CCCFE9C85}.Debug|Any CPU.ActiveCfg = Debug|Any CPU
		{6CA32382-1FF4-4B8B-82ED-186CCCFE9C85}.Debug|Any CPU.Build.0 = Debug|Any CPU
		{6CA32382-1FF4-4B8B-82ED-186CCCFE9C85}.Release|Any CPU.ActiveCfg = Release|Any CPU
		{6CA32382-1FF4-4B8B-82ED-186CCCFE9C85}.Release|Any CPU.Build.0 = Release|Any CPU
		{1D4B27AF-8E58-4E62-B960-A822585CCD6D}.Debug|Any CPU.ActiveCfg = Debug|Any CPU
		{1D4B27AF-8E58-4E62-B960-A822585CCD6D}.Debug|Any CPU.Build.0 = Debug|Any CPU
		{1D4B27AF-8E58-4E62-B960-A822585CCD6D}.Release|Any CPU.ActiveCfg = Release|Any CPU
		{1D4B27AF-8E58-4E62-B960-A822585CCD6D}.Release|Any CPU.Build.0 = Release|Any CPU
		{68C0A5CE-76FD-442B-915E-C2B3D82D48C4}.Debug|Any CPU.ActiveCfg = Debug|Any CPU
		{68C0A5CE-76FD-442B-915E-C2B3D82D48C4}.Debug|Any CPU.Build.0 = Debug|Any CPU
		{68C0A5CE-76FD-442B-915E-C2B3D82D48C4}.Release|Any CPU.ActiveCfg = Release|Any CPU
		{68C0A5CE-76FD-442B-915E-C2B3D82D48C4}.Release|Any CPU.Build.0 = Release|Any CPU
	EndGlobalSection
	GlobalSection(SolutionProperties) = preSolution
		HideSolutionNode = FALSE
	EndGlobalSection
	GlobalSection(ExtensibilityGlobals) = postSolution
		SolutionGuid = {AFB158F4-9019-4828-9EC5-1C6689203815}
	EndGlobalSection
EndGlobal
